// !$*UTF8*$!
{
	archiveVersion = 1;
	classes = {
	};
	objectVersion = 46;
	objects = {

/* Begin PBXBuildFile section */
		D5B4B87C1F15A25F000179D5 /* AppDelegate.swift in Sources */ = {isa = PBXBuildFile; fileRef = D5B4B87B1F15A25F000179D5 /* AppDelegate.swift */; };
		D5B4B87E1F15A25F000179D5 /* ViewController.swift in Sources */ = {isa = PBXBuildFile; fileRef = D5B4B87D1F15A25F000179D5 /* ViewController.swift */; };
		D5B4B8811F15A25F000179D5 /* Main.storyboard in Resources */ = {isa = PBXBuildFile; fileRef = D5B4B87F1F15A25F000179D5 /* Main.storyboard */; };
		D5B4B8831F15A25F000179D5 /* Assets.xcassets in Resources */ = {isa = PBXBuildFile; fileRef = D5B4B8821F15A25F000179D5 /* Assets.xcassets */; };
		D5B4B8861F15A25F000179D5 /* LaunchScreen.storyboard in Resources */ = {isa = PBXBuildFile; fileRef = D5B4B8841F15A25F000179D5 /* LaunchScreen.storyboard */; };
		D5B4B8911F15A260000179D5 /* Calculator_Lec1Tests.swift in Sources */ = {isa = PBXBuildFile; fileRef = D5B4B8901F15A260000179D5 /* Calculator_Lec1Tests.swift */; };
		D5B4B89C1F15A260000179D5 /* Calculator_Lec1UITests.swift in Sources */ = {isa = PBXBuildFile; fileRef = D5B4B89B1F15A260000179D5 /* Calculator_Lec1UITests.swift */; };
		D5F169681F169E930040829F /* CalculatorBrain.swift in Sources */ = {isa = PBXBuildFile; fileRef = D5F169671F169E930040829F /* CalculatorBrain.swift */; };
/* End PBXBuildFile section */

/* Begin PBXContainerItemProxy section */
		D5B4B88D1F15A260000179D5 /* PBXContainerItemProxy */ = {
			isa = PBXContainerItemProxy;
			containerPortal = D5B4B8701F15A25E000179D5 /* Project object */;
			proxyType = 1;
			remoteGlobalIDString = D5B4B8771F15A25F000179D5;
			remoteInfo = Calculator_Lec1;
		};
		D5B4B8981F15A260000179D5 /* PBXContainerItemProxy */ = {
			isa = PBXContainerItemProxy;
			containerPortal = D5B4B8701F15A25E000179D5 /* Project object */;
			proxyType = 1;
			remoteGlobalIDString = D5B4B8771F15A25F000179D5;
			remoteInfo = Calculator_Lec1;
		};
/* End PBXContainerItemProxy section */

/* Begin PBXFileReference section */
		D5B4B8781F15A25F000179D5 /* Calculator_Lec1.app */ = {isa = PBXFileReference; explicitFileType = wrapper.application; includeInIndex = 0; path = Calculator_Lec1.app; sourceTree = BUILT_PRODUCTS_DIR; };
		D5B4B87B1F15A25F000179D5 /* AppDelegate.swift */ = {isa = PBXFileReference; lastKnownFileType = sourcecode.swift; path = AppDelegate.swift; sourceTree = "<group>"; };
		D5B4B87D1F15A25F000179D5 /* ViewController.swift */ = {isa = PBXFileReference; lastKnownFileType = sourcecode.swift; path = ViewController.swift; sourceTree = "<group>"; };
		D5B4B8801F15A25F000179D5 /* Base */ = {isa = PBXFileReference; lastKnownFileType = file.storyboard; name = Base; path = Base.lproj/Main.storyboard; sourceTree = "<group>"; };
		D5B4B8821F15A25F000179D5 /* Assets.xcassets */ = {isa = PBXFileReference; lastKnownFileType = folder.assetcatalog; path = Assets.xcassets; sourceTree = "<group>"; };
		D5B4B8851F15A25F000179D5 /* Base */ = {isa = PBXFileReference; lastKnownFileType = file.storyboard; name = Base; path = Base.lproj/LaunchScreen.storyboard; sourceTree = "<group>"; };
		D5B4B8871F15A25F000179D5 /* Info.plist */ = {isa = PBXFileReference; lastKnownFileType = text.plist.xml; path = Info.plist; sourceTree = "<group>"; };
		D5B4B88C1F15A260000179D5 /* Calculator_Lec1Tests.xctest */ = {isa = PBXFileReference; explicitFileType = wrapper.cfbundle; includeInIndex = 0; path = Calculator_Lec1Tests.xctest; sourceTree = BUILT_PRODUCTS_DIR; };
		D5B4B8901F15A260000179D5 /* Calculator_Lec1Tests.swift */ = {isa = PBXFileReference; lastKnownFileType = sourcecode.swift; path = Calculator_Lec1Tests.swift; sourceTree = "<group>"; };
		D5B4B8921F15A260000179D5 /* Info.plist */ = {isa = PBXFileReference; lastKnownFileType = text.plist.xml; path = Info.plist; sourceTree = "<group>"; };
		D5B4B8971F15A260000179D5 /* Calculator_Lec1UITests.xctest */ = {isa = PBXFileReference; explicitFileType = wrapper.cfbundle; includeInIndex = 0; path = Calculator_Lec1UITests.xctest; sourceTree = BUILT_PRODUCTS_DIR; };
		D5B4B89B1F15A260000179D5 /* Calculator_Lec1UITests.swift */ = {isa = PBXFileReference; lastKnownFileType = sourcecode.swift; path = Calculator_Lec1UITests.swift; sourceTree = "<group>"; };
		D5B4B89D1F15A260000179D5 /* Info.plist */ = {isa = PBXFileReference; lastKnownFileType = text.plist.xml; path = Info.plist; sourceTree = "<group>"; };
		D5F169671F169E930040829F /* CalculatorBrain.swift */ = {isa = PBXFileReference; fileEncoding = 4; lastKnownFileType = sourcecode.swift; path = CalculatorBrain.swift; sourceTree = "<group>"; };
/* End PBXFileReference section */

/* Begin PBXFrameworksBuildPhase section */
		D5B4B8751F15A25F000179D5 /* Frameworks */ = {
			isa = PBXFrameworksBuildPhase;
			buildActionMask = 2147483647;
			files = (
			);
			runOnlyForDeploymentPostprocessing = 0;
		};
		D5B4B8891F15A260000179D5 /* Frameworks */ = {
			isa = PBXFrameworksBuildPhase;
			buildActionMask = 2147483647;
			files = (
			);
			runOnlyForDeploymentPostprocessing = 0;
		};
		D5B4B8941F15A260000179D5 /* Frameworks */ = {
			isa = PBXFrameworksBuildPhase;
			buildActionMask = 2147483647;
			files = (
			);
			runOnlyForDeploymentPostprocessing = 0;
		};
/* End PBXFrameworksBuildPhase section */

/* Begin PBXGroup section */
		D5B4B86F1F15A25E000179D5 = {
			isa = PBXGroup;
			children = (
				D5B4B87A1F15A25F000179D5 /* Calculator_Lec1 */,
				D5B4B88F1F15A260000179D5 /* Calculator_Lec1Tests */,
				D5B4B89A1F15A260000179D5 /* Calculator_Lec1UITests */,
				D5B4B8791F15A25F000179D5 /* Products */,
			);
			sourceTree = "<group>";
		};
		D5B4B8791F15A25F000179D5 /* Products */ = {
			isa = PBXGroup;
			children = (
				D5B4B8781F15A25F000179D5 /* Calculator_Lec1.app */,
				D5B4B88C1F15A260000179D5 /* Calculator_Lec1Tests.xctest */,
				D5B4B8971F15A260000179D5 /* Calculator_Lec1UITests.xctest */,
			);
			name = Products;
			sourceTree = "<group>";
		};
		D5B4B87A1F15A25F000179D5 /* Calculator_Lec1 */ = {
			isa = PBXGroup;
			children = (
				D5B4B87D1F15A25F000179D5 /* ViewController.swift */,
				D5F169671F169E930040829F /* CalculatorBrain.swift */,
				D5B4B87F1F15A25F000179D5 /* Main.storyboard */,
				D5B4B8A91F15A275000179D5 /* SupportingFiles */,
			);
			path = Calculator_Lec1;
			sourceTree = "<group>";
		};
		D5B4B88F1F15A260000179D5 /* Calculator_Lec1Tests */ = {
			isa = PBXGroup;
			children = (
				D5B4B8901F15A260000179D5 /* Calculator_Lec1Tests.swift */,
				D5B4B8921F15A260000179D5 /* Info.plist */,
			);
			path = Calculator_Lec1Tests;
			sourceTree = "<group>";
		};
		D5B4B89A1F15A260000179D5 /* Calculator_Lec1UITests */ = {
			isa = PBXGroup;
			children = (
				D5B4B89B1F15A260000179D5 /* Calculator_Lec1UITests.swift */,
				D5B4B89D1F15A260000179D5 /* Info.plist */,
			);
			path = Calculator_Lec1UITests;
			sourceTree = "<group>";
		};
		D5B4B8A91F15A275000179D5 /* SupportingFiles */ = {
			isa = PBXGroup;
			children = (
				D5B4B87B1F15A25F000179D5 /* AppDelegate.swift */,
				D5B4B8871F15A25F000179D5 /* Info.plist */,
				D5B4B8821F15A25F000179D5 /* Assets.xcassets */,
				D5B4B8841F15A25F000179D5 /* LaunchScreen.storyboard */,
			);
			name = SupportingFiles;
			sourceTree = "<group>";
		};
/* End PBXGroup section */

/* Begin PBXNativeTarget section */
		D5B4B8771F15A25F000179D5 /* Calculator_Lec1 */ = {
			isa = PBXNativeTarget;
			buildConfigurationList = D5B4B8A01F15A260000179D5 /* Build configuration list for PBXNativeTarget "Calculator_Lec1" */;
			buildPhases = (
				D5B4B8741F15A25F000179D5 /* Sources */,
				D5B4B8751F15A25F000179D5 /* Frameworks */,
				D5B4B8761F15A25F000179D5 /* Resources */,
			);
			buildRules = (
			);
			dependencies = (
			);
			name = Calculator_Lec1;
			productName = Calculator_Lec1;
			productReference = D5B4B8781F15A25F000179D5 /* Calculator_Lec1.app */;
			productType = "com.apple.product-type.application";
		};
		D5B4B88B1F15A260000179D5 /* Calculator_Lec1Tests */ = {
			isa = PBXNativeTarget;
			buildConfigurationList = D5B4B8A31F15A260000179D5 /* Build configuration list for PBXNativeTarget "Calculator_Lec1Tests" */;
			buildPhases = (
				D5B4B8881F15A260000179D5 /* Sources */,
				D5B4B8891F15A260000179D5 /* Frameworks */,
				D5B4B88A1F15A260000179D5 /* Resources */,
			);
			buildRules = (
			);
			dependencies = (
				D5B4B88E1F15A260000179D5 /* PBXTargetDependency */,
			);
			name = Calculator_Lec1Tests;
			productName = Calculator_Lec1Tests;
			productReference = D5B4B88C1F15A260000179D5 /* Calculator_Lec1Tests.xctest */;
			productType = "com.apple.product-type.bundle.unit-test";
		};
		D5B4B8961F15A260000179D5 /* Calculator_Lec1UITests */ = {
			isa = PBXNativeTarget;
			buildConfigurationList = D5B4B8A61F15A260000179D5 /* Build configuration list for PBXNativeTarget "Calculator_Lec1UITests" */;
			buildPhases = (
				D5B4B8931F15A260000179D5 /* Sources */,
				D5B4B8941F15A260000179D5 /* Frameworks */,
				D5B4B8951F15A260000179D5 /* Resources */,
			);
			buildRules = (
			);
			dependencies = (
				D5B4B8991F15A260000179D5 /* PBXTargetDependency */,
			);
			name = Calculator_Lec1UITests;
			productName = Calculator_Lec1UITests;
			productReference = D5B4B8971F15A260000179D5 /* Calculator_Lec1UITests.xctest */;
			productType = "com.apple.product-type.bundle.ui-testing";
		};
/* End PBXNativeTarget section */

/* Begin PBXProject section */
		D5B4B8701F15A25E000179D5 /* Project object */ = {
			isa = PBXProject;
			attributes = {
				LastSwiftUpdateCheck = 0820;
				LastUpgradeCheck = 0820;
				ORGANIZATIONNAME = byxx;
				TargetAttributes = {
					D5B4B8771F15A25F000179D5 = {
						CreatedOnToolsVersion = 8.2.1;
						DevelopmentTeam = 3B26HZBT86;
						ProvisioningStyle = Automatic;
					};
					D5B4B88B1F15A260000179D5 = {
						CreatedOnToolsVersion = 8.2.1;
						DevelopmentTeam = 3B26HZBT86;
						ProvisioningStyle = Automatic;
						TestTargetID = D5B4B8771F15A25F000179D5;
					};
					D5B4B8961F15A260000179D5 = {
						CreatedOnToolsVersion = 8.2.1;
						DevelopmentTeam = 3B26HZBT86;
						ProvisioningStyle = Automatic;
						TestTargetID = D5B4B8771F15A25F000179D5;
					};
				};
			};
			buildConfigurationList = D5B4B8731F15A25F000179D5 /* Build configuration list for PBXProject "Calculator_Lec1" */;
			compatibilityVersion = "Xcode 3.2";
			developmentRegion = English;
			hasScannedForEncodings = 0;
			knownRegions = (
				en,
				Base,
			);
			mainGroup = D5B4B86F1F15A25E000179D5;
			productRefGroup = D5B4B8791F15A25F000179D5 /* Products */;
			projectDirPath = "";
			projectRoot = "";
			targets = (
				D5B4B8771F15A25F000179D5 /* Calculator_Lec1 */,
				D5B4B88B1F15A260000179D5 /* Calculator_Lec1Tests */,
				D5B4B8961F15A260000179D5 /* Calculator_Lec1UITests */,
			);
		};
/* End PBXProject section */

/* Begin PBXResourcesBuildPhase section */
		D5B4B8761F15A25F000179D5 /* Resources */ = {
			isa = PBXResourcesBuildPhase;
			buildActionMask = 2147483647;
			files = (
				D5B4B8861F15A25F000179D5 /* LaunchScreen.storyboard in Resources */,
				D5B4B8831F15A25F000179D5 /* Assets.xcassets in Resources */,
				D5B4B8811F15A25F000179D5 /* Main.storyboard in Resources */,
			);
			runOnlyForDeploymentPostprocessing = 0;
		};
		D5B4B88A1F15A260000179D5 /* Resources */ = {
			isa = PBXResourcesBuildPhase;
			buildActionMask = 2147483647;
			files = (
			);
			runOnlyForDeploymentPostprocessing = 0;
		};
		D5B4B8951F15A260000179D5 /* Resources */ = {
			isa = PBXResourcesBuildPhase;
			buildActionMask = 2147483647;
			files = (
			);
			runOnlyForDeploymentPostprocessing = 0;
		};
/* End PBXResourcesBuildPhase section */

/* Begin PBXSourcesBuildPhase section */
		D5B4B8741F15A25F000179D5 /* Sources */ = {
			isa = PBXSourcesBuildPhase;
			buildActionMask = 2147483647;
			files = (
				D5F169681F169E930040829F /* CalculatorBrain.swift in Sources */,
				D5B4B87E1F15A25F000179D5 /* ViewController.swift in Sources */,
				D5B4B87C1F15A25F000179D5 /* AppDelegate.swift in Sources */,
			);
			runOnlyForDeploymentPostprocessing = 0;
		};
		D5B4B8881F15A260000179D5 /* Sources */ = {
			isa = PBXSourcesBuildPhase;
			buildActionMask = 2147483647;
			files = (
				D5B4B8911F15A260000179D5 /* Calculator_Lec1Tests.swift in Sources */,
			);
			runOnlyForDeploymentPostprocessing = 0;
		};
		D5B4B8931F15A260000179D5 /* Sources */ = {
			isa = PBXSourcesBuildPhase;
			buildActionMask = 2147483647;
			files = (
				D5B4B89C1F15A260000179D5 /* Calculator_Lec1UITests.swift in Sources */,
			);
			runOnlyForDeploymentPostprocessing = 0;
		};
/* End PBXSourcesBuildPhase section */

/* Begin PBXTargetDependency section */
		D5B4B88E1F15A260000179D5 /* PBXTargetDependency */ = {
			isa = PBXTargetDependency;
			target = D5B4B8771F15A25F000179D5 /* Calculator_Lec1 */;
			targetProxy = D5B4B88D1F15A260000179D5 /* PBXContainerItemProxy */;
		};
		D5B4B8991F15A260000179D5 /* PBXTargetDependency */ = {
			isa = PBXTargetDependency;
			target = D5B4B8771F15A25F000179D5 /* Calculator_Lec1 */;
			targetProxy = D5B4B8981F15A260000179D5 /* PBXContainerItemProxy */;
		};
/* End PBXTargetDependency section */

/* Begin PBXVariantGroup section */
		D5B4B87F1F15A25F000179D5 /* Main.storyboard */ = {
			isa = PBXVariantGroup;
			children = (
				D5B4B8801F15A25F000179D5 /* Base */,
			);
			name = Main.storyboard;
			sourceTree = "<group>";
		};
		D5B4B8841F15A25F000179D5 /* LaunchScreen.storyboard */ = {
			isa = PBXVariantGroup;
			children = (
				D5B4B8851F15A25F000179D5 /* Base */,
			);
			name = LaunchScreen.storyboard;
			sourceTree = "<group>";
		};
/* End PBXVariantGroup section */

/* Begin XCBuildConfiguration section */
		D5B4B89E1F15A260000179D5 /* Debug */ = {
			isa = XCBuildConfiguration;
			buildSettings = {
				ALWAYS_SEARCH_USER_PATHS = NO;
				CLANG_ANALYZER_NONNULL = YES;
				CLANG_CXX_LANGUAGE_STANDARD = "gnu++0x";
				CLANG_CXX_LIBRARY = "libc++";
				CLANG_ENABLE_MODULES = YES;
				CLANG_ENABLE_OBJC_ARC = YES;
				CLANG_WARN_BOOL_CONVERSION = YES;
				CLANG_WARN_CONSTANT_CONVERSION = YES;
				CLANG_WARN_DIRECT_OBJC_ISA_USAGE = YES_ERROR;
				CLANG_WARN_DOCUMENTATION_COMMENTS = YES;
				CLANG_WARN_EMPTY_BODY = YES;
				CLANG_WARN_ENUM_CONVERSION = YES;
				CLANG_WARN_INFINITE_RECURSION = YES;
				CLANG_WARN_INT_CONVERSION = YES;
				CLANG_WARN_OBJC_ROOT_CLASS = YES_ERROR;
				CLANG_WARN_SUSPICIOUS_MOVE = YES;
				CLANG_WARN_UNREACHABLE_CODE = YES;
				CLANG_WARN__DUPLICATE_METHOD_MATCH = YES;
				"CODE_SIGN_IDENTITY[sdk=iphoneos*]" = "iPhone Developer";
				COPY_PHASE_STRIP = NO;
				DEBUG_INFORMATION_FORMAT = dwarf;
				ENABLE_STRICT_OBJC_MSGSEND = YES;
				ENABLE_TESTABILITY = YES;
				GCC_C_LANGUAGE_STANDARD = gnu99;
				GCC_DYNAMIC_NO_PIC = NO;
				GCC_NO_COMMON_BLOCKS = YES;
				GCC_OPTIMIZATION_LEVEL = 0;
				GCC_PREPROCESSOR_DEFINITIONS = (
					"DEBUG=1",
					"$(inherited)",
				);
				GCC_WARN_64_TO_32_BIT_CONVERSION = YES;
				GCC_WARN_ABOUT_RETURN_TYPE = YES_ERROR;
				GCC_WARN_UNDECLARED_SELECTOR = YES;
				GCC_WARN_UNINITIALIZED_AUTOS = YES_AGGRESSIVE;
				GCC_WARN_UNUSED_FUNCTION = YES;
				GCC_WARN_UNUSED_VARIABLE = YES;
				IPHONEOS_DEPLOYMENT_TARGET = 10.2;
				MTL_ENABLE_DEBUG_INFO = YES;
				ONLY_ACTIVE_ARCH = YES;
				SDKROOT = iphoneos;
				SWIFT_ACTIVE_COMPILATION_CONDITIONS = DEBUG;
				SWIFT_OPTIMIZATION_LEVEL = "-Onone";
				TARGETED_DEVICE_FAMILY = "1,2";
			};
			name = Debug;
		};
		D5B4B89F1F15A260000179D5 /* Release */ = {
			isa = XCBuildConfiguration;
			buildSettings = {
				ALWAYS_SEARCH_USER_PATHS = NO;
				CLANG_ANALYZER_NONNULL = YES;
				CLANG_CXX_LANGUAGE_STANDARD = "gnu++0x";
				CLANG_CXX_LIBRARY = "libc++";
				CLANG_ENABLE_MODULES = YES;
				CLANG_ENABLE_OBJC_ARC = YES;
				CLANG_WARN_BOOL_CONVERSION = YES;
				CLANG_WARN_CONSTANT_CONVERSION = YES;
				CLANG_WARN_DIRECT_OBJC_ISA_USAGE = YES_ERROR;
				CLANG_WARN_DOCUMENTATION_COMMENTS = YES;
				CLANG_WARN_EMPTY_BODY = YES;
				CLANG_WARN_ENUM_CONVERSION = YES;
				CLANG_WARN_INFINITE_RECURSION = YES;
				CLANG_WARN_INT_CONVERSION = YES;
				CLANG_WARN_OBJC_ROOT_CLASS = YES_ERROR;
				CLANG_WARN_SUSPICIOUS_MOVE = YES;
				CLANG_WARN_UNREACHABLE_CODE = YES;
				CLANG_WARN__DUPLICATE_METHOD_MATCH = YES;
				"CODE_SIGN_IDENTITY[sdk=iphoneos*]" = "iPhone Developer";
				COPY_PHASE_STRIP = NO;
				DEBUG_INFORMATION_FORMAT = "dwarf-with-dsym";
				ENABLE_NS_ASSERTIONS = NO;
				ENABLE_STRICT_OBJC_MSGSEND = YES;
				GCC_C_LANGUAGE_STANDARD = gnu99;
				GCC_NO_COMMON_BLOCKS = YES;
				GCC_WARN_64_TO_32_BIT_CONVERSION = YES;
				GCC_WARN_ABOUT_RETURN_TYPE = YES_ERROR;
				GCC_WARN_UNDECLARED_SELECTOR = YES;
				GCC_WARN_UNINITIALIZED_AUTOS = YES_AGGRESSIVE;
				GCC_WARN_UNUSED_FUNCTION = YES;
				GCC_WARN_UNUSED_VARIABLE = YES;
				IPHONEOS_DEPLOYMENT_TARGET = 10.2;
				MTL_ENABLE_DEBUG_INFO = NO;
				SDKROOT = iphoneos;
				SWIFT_OPTIMIZATION_LEVEL = "-Owholemodule";
				TARGETED_DEVICE_FAMILY = "1,2";
				VALIDATE_PRODUCT = YES;
			};
			name = Release;
		};
		D5B4B8A11F15A260000179D5 /* Debug */ = {
			isa = XCBuildConfiguration;
			buildSettings = {
				ASSETCATALOG_COMPILER_APPICON_NAME = AppIcon;
				DEVELOPMENT_TEAM = 3B26HZBT86;
				INFOPLIST_FILE = Calculator_Lec1/Info.plist;
				LD_RUNPATH_SEARCH_PATHS = "$(inherited) @executable_path/Frameworks";
				PRODUCT_BUNDLE_IDENTIFIER = "byxx.Calculator-Lec1";
				PRODUCT_NAME = "$(TARGET_NAME)";
				SWIFT_VERSION = 3.0;
			};
			name = Debug;
		};
		D5B4B8A21F15A260000179D5 /* Release */ = {
			isa = XCBuildConfiguration;
			buildSettings = {
				ASSETCATALOG_COMPILER_APPICON_NAME = AppIcon;
				DEVELOPMENT_TEAM = 3B26HZBT86;
				INFOPLIST_FILE = Calculator_Lec1/Info.plist;
				LD_RUNPATH_SEARCH_PATHS = "$(inherited) @executable_path/Frameworks";
				PRODUCT_BUNDLE_IDENTIFIER = "byxx.Calculator-Lec1";
				PRODUCT_NAME = "$(TARGET_NAME)";
				SWIFT_VERSION = 3.0;
			};
			name = Release;
		};
		D5B4B8A41F15A260000179D5 /* Debug */ = {
			isa = XCBuildConfiguration;
			buildSettings = {
				ALWAYS_EMBED_SWIFT_STANDARD_LIBRARIES = YES;
				BUNDLE_LOADER = "$(TEST_HOST)";
				DEVELOPMENT_TEAM = 3B26HZBT86;
				INFOPLIST_FILE = Calculator_Lec1Tests/Info.plist;
				LD_RUNPATH_SEARCH_PATHS = "$(inherited) @executable_path/Frameworks @loader_path/Frameworks";
				PRODUCT_BUNDLE_IDENTIFIER = "byxx.Calculator-Lec1Tests";
				PRODUCT_NAME = "$(TARGET_NAME)";
				SWIFT_VERSION = 3.0;
				TEST_HOST = "$(BUILT_PRODUCTS_DIR)/Calculator_Lec1.app/Calculator_Lec1";
			};
			name = Debug;
		};
		D5B4B8A51F15A260000179D5 /* Release */ = {
			isa = XCBuildConfiguration;
			buildSettings = {
				ALWAYS_EMBED_SWIFT_STANDARD_LIBRARIES = YES;
				BUNDLE_LOADER = "$(TEST_HOST)";
				DEVELOPMENT_TEAM = 3B26HZBT86;
				INFOPLIST_FILE = Calculator_Lec1Tests/Info.plist;
				LD_RUNPATH_SEARCH_PATHS = "$(inherited) @executable_path/Frameworks @loader_path/Frameworks";
				PRODUCT_BUNDLE_IDENTIFIER = "byxx.Calculator-Lec1Tests";
				PRODUCT_NAME = "$(TARGET_NAME)";
				SWIFT_VERSION = 3.0;
				TEST_HOST = "$(BUILT_PRODUCTS_DIR)/Calculator_Lec1.app/Calculator_Lec1";
			};
			name = Release;
		};
		D5B4B8A71F15A260000179D5 /* Debug */ = {
			isa = XCBuildConfiguration;
			buildSettings = {
				ALWAYS_EMBED_SWIFT_STANDARD_LIBRARIES = YES;
				DEVELOPMENT_TEAM = 3B26HZBT86;
				INFOPLIST_FILE = Calculator_Lec1UITests/Info.plist;
				LD_RUNPATH_SEARCH_PATHS = "$(inherited) @executable_path/Frameworks @loader_path/Frameworks";
				PRODUCT_BUNDLE_IDENTIFIER = "byxx.Calculator-Lec1UITests";
				PRODUCT_NAME = "$(TARGET_NAME)";
				SWIFT_VERSION = 3.0;
				TEST_TARGET_NAME = Calculator_Lec1;
			};
			name = Debug;
		};
		D5B4B8A81F15A260000179D5 /* Release */ = {
			isa = XCBuildConfiguration;
			buildSettings = {
				ALWAYS_EMBED_SWIFT_STANDARD_LIBRARIES = YES;
				DEVELOPMENT_TEAM = 3B26HZBT86;
				INFOPLIST_FILE = Calculator_Lec1UITests/Info.plist;
				LD_RUNPATH_SEARCH_PATHS = "$(inherited) @executable_path/Frameworks @loader_path/Frameworks";
				PRODUCT_BUNDLE_IDENTIFIER = "byxx.Calculator-Lec1UITests";
				PRODUCT_NAME = "$(TARGET_NAME)";
				SWIFT_VERSION = 3.0;
				TEST_TARGET_NAME = Calculator_Lec1;
			};
			name = Release;
		};
/* End XCBuildConfiguration section */

/* Begin XCConfigurationList section */
		D5B4B8731F15A25F000179D5 /* Build configuration list for PBXProject "Calculator_Lec1" */ = {
			isa = XCConfigurationList;
			buildConfigurations = (
				D5B4B89E1F15A260000179D5 /* Debug */,
				D5B4B89F1F15A260000179D5 /* Release */,
			);
			defaultConfigurationIsVisible = 0;
			defaultConfigurationName = Release;
		};
		D5B4B8A01F15A260000179D5 /* Build configuration list for PBXNativeTarget "Calculator_Lec1" */ = {
			isa = XCConfigurationList;
			buildConfigurations = (
				D5B4B8A11F15A260000179D5 /* Debug */,
				D5B4B8A21F15A260000179D5 /* Release */,
			);
			defaultConfigurationIsVisible = 0;
			defaultConfigurationName = Release;
		};
		D5B4B8A31F15A260000179D5 /* Build configuration list for PBXNativeTarget "Calculator_Lec1Tests" */ = {
			isa = XCConfigurationList;
			buildConfigurations = (
				D5B4B8A41F15A260000179D5 /* Debug */,
				D5B4B8A51F15A260000179D5 /* Release */,
			);
			defaultConfigurationIsVisible = 0;
			defaultConfigurationName = Release;
		};
		D5B4B8A61F15A260000179D5 /* Build configuration list for PBXNativeTarget "Calculator_Lec1UITests" */ = {
			isa = XCConfigurationList;
			buildConfigurations = (
				D5B4B8A71F15A260000179D5 /* Debug */,
				D5B4B8A81F15A260000179D5 /* Release */,
			);
			defaultConfigurationIsVisible = 0;
			defaultConfigurationName = Release;
		};
/* End XCConfigurationList section */
	};
	rootObject = D5B4B8701F15A25E000179D5 /* Project object */;
}
